<?xml version="1.0" encoding="utf-8"?>
<Project ToolsVersion="4.0" xmlns="http://schemas.microsoft.com/developer/msbuild/2003">
  <ItemGroup>
    <Filter Include="Source Files">
      <UniqueIdentifier>{4FC737F1-C7A5-4376-A066-2A32D752A2FF}</UniqueIdentifier>
      <Extensions>cpp;c;cc;cxx;c++;cppm;ixx;def;odl;idl;hpj;bat;asm;asmx</Extensions>
    </Filter>
    <Filter Include="Header Files">
      <UniqueIdentifier>{93995380-89BD-4b04-88EB-625FBE52EBFB}</UniqueIdentifier>
      <Extensions>h;hh;hpp;hxx;h++;hm;inl;inc;ipp;xsd</Extensions>
    </Filter>
    <Filter Include="Resource Files">
      <UniqueIdentifier>{67DA6AB6-F800-4c08-8B7A-83BB121AAD01}</UniqueIdentifier>
      <Extensions>rc;ico;cur;bmp;dlg;rc2;rct;bin;rgs;gif;jpg;jpeg;jpe;resx;tiff;tif;png;wav;mfcribbon-ms</Extensions>
    </Filter>
    <Filter Include="Details">
      <UniqueIdentifier>{dd750aee-aeca-4600-bc34-355bb98cd8eb}</UniqueIdentifier>
    </Filter>
  </ItemGroup>
  <ItemGroup>
    <ClCompile Include="src\main.cpp">
      <Filter>Source Files</Filter>
    </ClCompile>
    <ClCompile Include="src\Game.cpp">
      <Filter>Source Files</Filter>
    </ClCompile>
    <ClCompile Include="src\Gobbler.cpp">
      <Filter>Source Files</Filter>
    </ClCompile>
    <ClCompile Include="src\GGPlayer.cpp">
      <Filter>Source Files</Filter>
    </ClCompile>
    <ClCompile Include="src\Cell.cpp">
      <Filter>Source Files</Filter>
    </ClCompile>
    <ClCompile Include="src\Board.cpp">
      <Filter>Source Files</Filter>
    </ClCompile>
    <ClCompile Include="src\Rules.cpp">
      <Filter>Source Files</Filter>
    </ClCompile>
    <ClCompile Include="src\BoardState.cpp">
      <Filter>Source Files</Filter>
    </ClCompile>
    <ClCompile Include="src\GGResourceManager.cpp">
      <Filter>Source Files</Filter>
    </ClCompile>
    <ClCompile Include="src\ResourceManager.cpp">
      <Filter>Source Files</Filter>
    </ClCompile>
    <ClCompile Include="src\GGUI.cpp">
      <Filter>Source Files</Filter>
    </ClCompile>
    <ClCompile Include="src\UI.cpp">
      <Filter>Source Files</Filter>
    </ClCompile>
  </ItemGroup>
  <ItemGroup>
    <ClInclude Include="headers\Game.h">
      <Filter>Header Files</Filter>
    </ClInclude>
    <ClInclude Include="headers\Gobbler.h">
      <Filter>Header Files</Filter>
    </ClInclude>
    <ClInclude Include="headers\Player.h">
      <Filter>Header Files</Filter>
    </ClInclude>
    <ClInclude Include="headers\Enums.h">
      <Filter>Header Files</Filter>
    </ClInclude>
    <ClInclude Include="headers\Cell.h">
      <Filter>Header Files</Filter>
    </ClInclude>
    <ClInclude Include="headers\Board.h">
      <Filter>Header Files</Filter>
    </ClInclude>
    <ClInclude Include="headers\Rules.h">
      <Filter>Header Files</Filter>
    </ClInclude>
    <ClInclude Include="headers\Init.h">
      <Filter>Header Files</Filter>
    </ClInclude>
    <ClInclude Include="headers\BoardState.h">
      <Filter>Header Files</Filter>
    </ClInclude>
    <ClInclude Include="Headers\Piece.h">
      <Filter>Header Files</Filter>
    </ClInclude>
    <ClInclude Include="Headers\GGPlayer.h">
      <Filter>Header Files</Filter>
    </ClInclude>
    <ClInclude Include="headers\GGResourceManager.h">
      <Filter>Header Files</Filter>
    </ClInclude>
    <ClInclude Include="headers\ResourceManager.h">
      <Filter>Header Files</Filter>
    </ClInclude>
    <ClInclude Include="Headers\GGUI.h">
      <Filter>Header Files</Filter>
    </ClInclude>
    <ClInclude Include="Headers\UI.h">
      <Filter>Header Files</Filter>
    </ClInclude>
  </ItemGroup>
  <ItemGroup>
    <Image Include="Resources\Pictures\PNG_transparency_demonstration_1.png">
      <Filter>Resource Files</Filter>
    </Image>
    <Image Include="Resources\Pictures\PNG_NewGameButton.png">
      <Filter>Resource Files</Filter>
    </Image>
    <Image Include="Resources\Pictures\PNG_ExitButton.png">
      <Filter>Resource Files</Filter>
    </Image>
    <Image Include="Resources\Pictures\PNG_GobblerBlue_L.png">
      <Filter>Resource Files</Filter>
    </Image>
    <Image Include="Resources\Pictures\PNG_GobblerBlue_M.png">
      <Filter>Resource Files</Filter>
    </Image>
    <Image Include="Resources\Pictures\PNG_GobblerBlue_S.png">
      <Filter>Resource Files</Filter>
    </Image>
    <Image Include="Resources\Pictures\PNG_GobblerGreen_L.png">
      <Filter>Resource Files</Filter>
    </Image>
    <Image Include="Resources\Pictures\PNG_GobblerGreen_M.png">
      <Filter>Resource Files</Filter>
    </Image>
    <Image Include="Resources\Pictures\PNG_GobblerGreen_S.png">
      <Filter>Resource Files</Filter>
    </Image>
    <Image Include="Resources\Pictures\PNG_GobblerOrange_L.png">
      <Filter>Resource Files</Filter>
    </Image>
    <Image Include="Resources\Pictures\PNG_GobblerOrange_M.png">
      <Filter>Resource Files</Filter>
    </Image>
    <Image Include="Resources\Pictures\PNG_GobblerOrange_S.png">
      <Filter>Resource Files</Filter>
    </Image>
    <Image Include="Resources\Pictures\PNG_GobblerRed_L.png">
      <Filter>Resource Files</Filter>
    </Image>
    <Image Include="Resources\Pictures\PNG_GobblerRed_M.png">
      <Filter>Resource Files</Filter>
    </Image>
    <Image Include="Resources\Pictures\PNG_GobblerRed_S.png">
      <Filter>Resource Files</Filter>
    </Image>
    <Image Include="Resources\Pictures\PNG_GobbletGobblersBoard.png">
      <Filter>Resource Files</Filter>
    </Image>
    <Image Include="Resources\Pictures\PNG_GobbletGobblersScreen.png">
      <Filter>Resource Files</Filter>
    </Image>
  </ItemGroup>
  <ItemGroup>
    <None Include="Headers\Piece.inl">
      <Filter>Details</Filter>
    </None>
    <None Include="Details\ResourceManager.inl">
      <Filter>Details</Filter>
    </None>
    <None Include="Headers\Gobbler.inl">
      <Filter>Details</Filter>
    </None>
    <None Include="Headers\GGPlayer.inl">
      <Filter>Details</Filter>
    </None>
    <None Include="Headers\Player.inl">
      <Filter>Details</Filter>
    </None>
  </ItemGroup>
</Project>